// !$*UTF8*$!
{
	archiveVersion = 1;
	classes = {
	};
	objectVersion = 46;
	objects = {

/* Begin PBXBuildFile section */
		D5D24C7019CFC3D900603389 /* main.m in Sources */ = {isa = PBXBuildFile; fileRef = D5D24C6F19CFC3D900603389 /* main.m */; };
		D5D24C7319CFC3D900603389 /* AppDelegate.m in Sources */ = {isa = PBXBuildFile; fileRef = D5D24C7219CFC3D900603389 /* AppDelegate.m */; };
		D5D24C7619CFC3D900603389 /* NewCandy2.xcdatamodeld in Sources */ = {isa = PBXBuildFile; fileRef = D5D24C7419CFC3D900603389 /* NewCandy2.xcdatamodeld */; };
		D5D24C7C19CFC3D900603389 /* Main.storyboard in Resources */ = {isa = PBXBuildFile; fileRef = D5D24C7A19CFC3D900603389 /* Main.storyboard */; };
		D5D24C7E19CFC3D900603389 /* Images.xcassets in Resources */ = {isa = PBXBuildFile; fileRef = D5D24C7D19CFC3D900603389 /* Images.xcassets */; };
		D5D24C8119CFC3D900603389 /* LaunchScreen.xib in Resources */ = {isa = PBXBuildFile; fileRef = D5D24C7F19CFC3D900603389 /* LaunchScreen.xib */; };
		D5D24C8D19CFC3D900603389 /* NewCandy2Tests.m in Sources */ = {isa = PBXBuildFile; fileRef = D5D24C8C19CFC3D900603389 /* NewCandy2Tests.m */; };
		D5D24C9B19CFC46A00603389 /* TableViewController.m in Sources */ = {isa = PBXBuildFile; fileRef = D5D24C9A19CFC46A00603389 /* TableViewController.m */; };
		D5D24C9E19CFC55700603389 /* Candy.m in Sources */ = {isa = PBXBuildFile; fileRef = D5D24C9D19CFC55700603389 /* Candy.m */; };
		D5D24CA219CFCDFC00603389 /* DetailViewController.m in Sources */ = {isa = PBXBuildFile; fileRef = D5D24CA119CFCDFC00603389 /* DetailViewController.m */; };
		D5D24CA519CFE0E100603389 /* MapKit.framework in Frameworks */ = {isa = PBXBuildFile; fileRef = D5D24CA419CFE0E100603389 /* MapKit.framework */; };
		D5D24CA819CFE2F500603389 /* MapViewController.m in Sources */ = {isa = PBXBuildFile; fileRef = D5D24CA719CFE2F500603389 /* MapViewController.m */; };
/* End PBXBuildFile section */

/* Begin PBXContainerItemProxy section */
		D5D24C8719CFC3D900603389 /* PBXContainerItemProxy */ = {
			isa = PBXContainerItemProxy;
			containerPortal = D5D24C6219CFC3D900603389 /* Project object */;
			proxyType = 1;
			remoteGlobalIDString = D5D24C6919CFC3D900603389;
			remoteInfo = NewCandy2;
		};
/* End PBXContainerItemProxy section */

/* Begin PBXFileReference section */
		D5D24C6A19CFC3D900603389 /* NewCandy2.app */ = {isa = PBXFileReference; explicitFileType = wrapper.application; includeInIndex = 0; path = NewCandy2.app; sourceTree = BUILT_PRODUCTS_DIR; };
		D5D24C6E19CFC3D900603389 /* Info.plist */ = {isa = PBXFileReference; lastKnownFileType = text.plist.xml; path = Info.plist; sourceTree = "<group>"; };
		D5D24C6F19CFC3D900603389 /* main.m */ = {isa = PBXFileReference; lastKnownFileType = sourcecode.c.objc; path = main.m; sourceTree = "<group>"; };
		D5D24C7119CFC3D900603389 /* AppDelegate.h */ = {isa = PBXFileReference; lastKnownFileType = sourcecode.c.h; path = AppDelegate.h; sourceTree = "<group>"; };
		D5D24C7219CFC3D900603389 /* AppDelegate.m */ = {isa = PBXFileReference; lastKnownFileType = sourcecode.c.objc; path = AppDelegate.m; sourceTree = "<group>"; };
		D5D24C7519CFC3D900603389 /* NewCandy2.xcdatamodel */ = {isa = PBXFileReference; lastKnownFileType = wrapper.xcdatamodel; path = NewCandy2.xcdatamodel; sourceTree = "<group>"; };
		D5D24C7B19CFC3D900603389 /* Base */ = {isa = PBXFileReference; lastKnownFileType = file.storyboard; name = Base; path = Base.lproj/Main.storyboard; sourceTree = "<group>"; };
		D5D24C7D19CFC3D900603389 /* Images.xcassets */ = {isa = PBXFileReference; lastKnownFileType = folder.assetcatalog; path = Images.xcassets; sourceTree = "<group>"; };
		D5D24C8019CFC3D900603389 /* Base */ = {isa = PBXFileReference; lastKnownFileType = file.xib; name = Base; path = Base.lproj/LaunchScreen.xib; sourceTree = "<group>"; };
		D5D24C8619CFC3D900603389 /* NewCandy2Tests.xctest */ = {isa = PBXFileReference; explicitFileType = wrapper.cfbundle; includeInIndex = 0; path = NewCandy2Tests.xctest; sourceTree = BUILT_PRODUCTS_DIR; };
		D5D24C8B19CFC3D900603389 /* Info.plist */ = {isa = PBXFileReference; lastKnownFileType = text.plist.xml; path = Info.plist; sourceTree = "<group>"; };
		D5D24C8C19CFC3D900603389 /* NewCandy2Tests.m */ = {isa = PBXFileReference; lastKnownFileType = sourcecode.c.objc; path = NewCandy2Tests.m; sourceTree = "<group>"; };
		D5D24C9919CFC46A00603389 /* TableViewController.h */ = {isa = PBXFileReference; fileEncoding = 4; lastKnownFileType = sourcecode.c.h; name = TableViewController.h; path = ../TableViewController.h; sourceTree = "<group>"; };
		D5D24C9A19CFC46A00603389 /* TableViewController.m */ = {isa = PBXFileReference; fileEncoding = 4; lastKnownFileType = sourcecode.c.objc; name = TableViewController.m; path = ../TableViewController.m; sourceTree = "<group>"; };
		D5D24C9C19CFC55700603389 /* Candy.h */ = {isa = PBXFileReference; fileEncoding = 4; lastKnownFileType = sourcecode.c.h; path = Candy.h; sourceTree = "<group>"; };
		D5D24C9D19CFC55700603389 /* Candy.m */ = {isa = PBXFileReference; fileEncoding = 4; lastKnownFileType = sourcecode.c.objc; path = Candy.m; sourceTree = "<group>"; };
		D5D24CA019CFCDFC00603389 /* DetailViewController.h */ = {isa = PBXFileReference; fileEncoding = 4; lastKnownFileType = sourcecode.c.h; path = DetailViewController.h; sourceTree = "<group>"; };
		D5D24CA119CFCDFC00603389 /* DetailViewController.m */ = {isa = PBXFileReference; fileEncoding = 4; lastKnownFileType = sourcecode.c.objc; path = DetailViewController.m; sourceTree = "<group>"; };
		D5D24CA419CFE0E100603389 /* MapKit.framework */ = {isa = PBXFileReference; lastKnownFileType = wrapper.framework; name = MapKit.framework; path = System/Library/Frameworks/MapKit.framework; sourceTree = SDKROOT; };
		D5D24CA619CFE2F500603389 /* MapViewController.h */ = {isa = PBXFileReference; fileEncoding = 4; lastKnownFileType = sourcecode.c.h; path = MapViewController.h; sourceTree = "<group>"; };
		D5D24CA719CFE2F500603389 /* MapViewController.m */ = {isa = PBXFileReference; fileEncoding = 4; lastKnownFileType = sourcecode.c.objc; path = MapViewController.m; sourceTree = "<group>"; };
/* End PBXFileReference section */

/* Begin PBXFrameworksBuildPhase section */
		D5D24C6719CFC3D900603389 /* Frameworks */ = {
			isa = PBXFrameworksBuildPhase;
			buildActionMask = 2147483647;
			files = (
				D5D24CA519CFE0E100603389 /* MapKit.framework in Frameworks */,
			);
			runOnlyForDeploymentPostprocessing = 0;
		};
		D5D24C8319CFC3D900603389 /* Frameworks */ = {
			isa = PBXFrameworksBuildPhase;
			buildActionMask = 2147483647;
			files = (
			);
			runOnlyForDeploymentPostprocessing = 0;
		};
/* End PBXFrameworksBuildPhase section */

/* Begin PBXGroup section */
		D5D24C6119CFC3D900603389 = {
			isa = PBXGroup;
			children = (
				D5D24CA419CFE0E100603389 /* MapKit.framework */,
				D5D24C6C19CFC3D900603389 /* NewCandy2 */,
				D5D24C8919CFC3D900603389 /* NewCandy2Tests */,
				D5D24C6B19CFC3D900603389 /* Products */,
			);
			sourceTree = "<group>";
		};
		D5D24C6B19CFC3D900603389 /* Products */ = {
			isa = PBXGroup;
			children = (
				D5D24C6A19CFC3D900603389 /* NewCandy2.app */,
				D5D24C8619CFC3D900603389 /* NewCandy2Tests.xctest */,
			);
			name = Products;
			sourceTree = "<group>";
		};
		D5D24C6C19CFC3D900603389 /* NewCandy2 */ = {
			isa = PBXGroup;
			children = (
				D5D24C7A19CFC3D900603389 /* Main.storyboard */,
				D5D24C7119CFC3D900603389 /* AppDelegate.h */,
				D5D24C7219CFC3D900603389 /* AppDelegate.m */,
				D5D24C9919CFC46A00603389 /* TableViewController.h */,
				D5D24C9A19CFC46A00603389 /* TableViewController.m */,
				D5D24CA319CFCE0200603389 /* CandyDetail */,
				D5D24C9F19CFC56100603389 /* Core Data */,
				D5D24C7D19CFC3D900603389 /* Images.xcassets */,
				D5D24C7F19CFC3D900603389 /* LaunchScreen.xib */,
				D5D24C6D19CFC3D900603389 /* Supporting Files */,
			);
			path = NewCandy2;
			sourceTree = "<group>";
		};
		D5D24C6D19CFC3D900603389 /* Supporting Files */ = {
			isa = PBXGroup;
			children = (
				D5D24C6E19CFC3D900603389 /* Info.plist */,
				D5D24C6F19CFC3D900603389 /* main.m */,
			);
			name = "Supporting Files";
			sourceTree = "<group>";
		};
		D5D24C8919CFC3D900603389 /* NewCandy2Tests */ = {
			isa = PBXGroup;
			children = (
				D5D24C8C19CFC3D900603389 /* NewCandy2Tests.m */,
				D5D24C8A19CFC3D900603389 /* Supporting Files */,
			);
			path = NewCandy2Tests;
			sourceTree = "<group>";
		};
		D5D24C8A19CFC3D900603389 /* Supporting Files */ = {
			isa = PBXGroup;
			children = (
				D5D24C8B19CFC3D900603389 /* Info.plist */,
			);
			name = "Supporting Files";
			sourceTree = "<group>";
		};
		D5D24C9F19CFC56100603389 /* Core Data */ = {
			isa = PBXGroup;
			children = (
				D5D24C7419CFC3D900603389 /* NewCandy2.xcdatamodeld */,
				D5D24C9C19CFC55700603389 /* Candy.h */,
				D5D24C9D19CFC55700603389 /* Candy.m */,
			);
			name = "Core Data";
			sourceTree = "<group>";
		};
		D5D24CA319CFCE0200603389 /* CandyDetail */ = {
			isa = PBXGroup;
			children = (
				D5D24CA019CFCDFC00603389 /* DetailViewController.h */,
				D5D24CA119CFCDFC00603389 /* DetailViewController.m */,
				D5D24CA619CFE2F500603389 /* MapViewController.h */,
				D5D24CA719CFE2F500603389 /* MapViewController.m */,
			);
			name = CandyDetail;
			sourceTree = "<group>";
		};
/* End PBXGroup section */

/* Begin PBXNativeTarget section */
		D5D24C6919CFC3D900603389 /* NewCandy2 */ = {
			isa = PBXNativeTarget;
			buildConfigurationList = D5D24C9019CFC3D900603389 /* Build configuration list for PBXNativeTarget "NewCandy2" */;
			buildPhases = (
				D5D24C6619CFC3D900603389 /* Sources */,
				D5D24C6719CFC3D900603389 /* Frameworks */,
				D5D24C6819CFC3D900603389 /* Resources */,
			);
			buildRules = (
			);
			dependencies = (
			);
			name = NewCandy2;
			productName = NewCandy2;
			productReference = D5D24C6A19CFC3D900603389 /* NewCandy2.app */;
			productType = "com.apple.product-type.application";
		};
		D5D24C8519CFC3D900603389 /* NewCandy2Tests */ = {
			isa = PBXNativeTarget;
			buildConfigurationList = D5D24C9319CFC3D900603389 /* Build configuration list for PBXNativeTarget "NewCandy2Tests" */;
			buildPhases = (
				D5D24C8219CFC3D900603389 /* Sources */,
				D5D24C8319CFC3D900603389 /* Frameworks */,
				D5D24C8419CFC3D900603389 /* Resources */,
			);
			buildRules = (
			);
			dependencies = (
				D5D24C8819CFC3D900603389 /* PBXTargetDependency */,
			);
			name = NewCandy2Tests;
			productName = NewCandy2Tests;
			productReference = D5D24C8619CFC3D900603389 /* NewCandy2Tests.xctest */;
			productType = "com.apple.product-type.bundle.unit-test";
		};
/* End PBXNativeTarget section */

/* Begin PBXProject section */
		D5D24C6219CFC3D900603389 /* Project object */ = {
			isa = PBXProject;
			attributes = {
				LastUpgradeCheck = 0600;
				ORGANIZATIONNAME = "Luke Solomon";
				TargetAttributes = {
					D5D24C6919CFC3D900603389 = {
						CreatedOnToolsVersion = 6.0.1;
					};
					D5D24C8519CFC3D900603389 = {
						CreatedOnToolsVersion = 6.0.1;
						TestTargetID = D5D24C6919CFC3D900603389;
					};
				};
			};
			buildConfigurationList = D5D24C6519CFC3D900603389 /* Build configuration list for PBXProject "NewCandy2" */;
			compatibilityVersion = "Xcode 3.2";
			developmentRegion = English;
			hasScannedForEncodings = 0;
			knownRegions = (
				en,
				Base,
			);
			mainGroup = D5D24C6119CFC3D900603389;
			productRefGroup = D5D24C6B19CFC3D900603389 /* Products */;
			projectDirPath = "";
			projectRoot = "";
			targets = (
				D5D24C6919CFC3D900603389 /* NewCandy2 */,
				D5D24C8519CFC3D900603389 /* NewCandy2Tests */,
			);
		};
/* End PBXProject section */

/* Begin PBXResourcesBuildPhase section */
		D5D24C6819CFC3D900603389 /* Resources */ = {
			isa = PBXResourcesBuildPhase;
			buildActionMask = 2147483647;
			files = (
				D5D24C7C19CFC3D900603389 /* Main.storyboard in Resources */,
				D5D24C8119CFC3D900603389 /* LaunchScreen.xib in Resources */,
				D5D24C7E19CFC3D900603389 /* Images.xcassets in Resources */,
			);
			runOnlyForDeploymentPostprocessing = 0;
		};
		D5D24C8419CFC3D900603389 /* Resources */ = {
			isa = PBXResourcesBuildPhase;
			buildActionMask = 2147483647;
			files = (
			);
			runOnlyForDeploymentPostprocessing = 0;
		};
/* End PBXResourcesBuildPhase section */

/* Begin PBXSourcesBuildPhase section */
		D5D24C6619CFC3D900603389 /* Sources */ = {
			isa = PBXSourcesBuildPhase;
			buildActionMask = 2147483647;
			files = (
				D5D24C7319CFC3D900603389 /* AppDelegate.m in Sources */,
				D5D24C7019CFC3D900603389 /* main.m in Sources */,
				D5D24C7619CFC3D900603389 /* NewCandy2.xcdatamodeld in Sources */,
				D5D24C9E19CFC55700603389 /* Candy.m in Sources */,
				D5D24C9B19CFC46A00603389 /* TableViewController.m in Sources */,
				D5D24CA219CFCDFC00603389 /* DetailViewController.m in Sources */,
				D5D24CA819CFE2F500603389 /* MapViewController.m in Sources */,
			);
			runOnlyForDeploymentPostprocessing = 0;
		};
		D5D24C8219CFC3D900603389 /* Sources */ = {
			isa = PBXSourcesBuildPhase;
			buildActionMask = 2147483647;
			files = (
				D5D24C8D19CFC3D900603389 /* NewCandy2Tests.m in Sources */,
			);
			runOnlyForDeploymentPostprocessing = 0;
		};
/* End PBXSourcesBuildPhase section */

/* Begin PBXTargetDependency section */
		D5D24C8819CFC3D900603389 /* PBXTargetDependency */ = {
			isa = PBXTargetDependency;
			target = D5D24C6919CFC3D900603389 /* NewCandy2 */;
			targetProxy = D5D24C8719CFC3D900603389 /* PBXContainerItemProxy */;
		};
/* End PBXTargetDependency section */

/* Begin PBXVariantGroup section */
		D5D24C7A19CFC3D900603389 /* Main.storyboard */ = {
			isa = PBXVariantGroup;
			children = (
				D5D24C7B19CFC3D900603389 /* Base */,
			);
			name = Main.storyboard;
			sourceTree = "<group>";
		};
		D5D24C7F19CFC3D900603389 /* LaunchScreen.xib */ = {
			isa = PBXVariantGroup;
			children = (
				D5D24C8019CFC3D900603389 /* Base */,
			);
			name = LaunchScreen.xib;
			sourceTree = "<group>";
		};
/* End PBXVariantGroup section */

/* Begin XCBuildConfiguration section */
		D5D24C8E19CFC3D900603389 /* Debug */ = {
			isa = XCBuildConfiguration;
			buildSettings = {
				ALWAYS_SEARCH_USER_PATHS = NO;
				CLANG_CXX_LANGUAGE_STANDARD = "gnu++0x";
				CLANG_CXX_LIBRARY = "libc++";
				CLANG_ENABLE_MODULES = YES;
				CLANG_ENABLE_OBJC_ARC = YES;
				CLANG_WARN_BOOL_CONVERSION = YES;
				CLANG_WARN_CONSTANT_CONVERSION = YES;
				CLANG_WARN_DIRECT_OBJC_ISA_USAGE = YES_ERROR;
				CLANG_WARN_EMPTY_BODY = YES;
				CLANG_WARN_ENUM_CONVERSION = YES;
				CLANG_WARN_INT_CONVERSION = YES;
				CLANG_WARN_OBJC_ROOT_CLASS = YES_ERROR;
				CLANG_WARN_UNREACHABLE_CODE = YES;
				CLANG_WARN__DUPLICATE_METHOD_MATCH = YES;
				"CODE_SIGN_IDENTITY[sdk=iphoneos*]" = "iPhone Developer";
				COPY_PHASE_STRIP = NO;
				ENABLE_STRICT_OBJC_MSGSEND = YES;
				GCC_C_LANGUAGE_STANDARD = gnu99;
				GCC_DYNAMIC_NO_PIC = NO;
				GCC_OPTIMIZATION_LEVEL = 0;
				GCC_PREPROCESSOR_DEFINITIONS = (
					"DEBUG=1",
					"$(inherited)",
				);
				GCC_SYMBOLS_PRIVATE_EXTERN = NO;
				GCC_WARN_64_TO_32_BIT_CONVERSION = YES;
				GCC_WARN_ABOUT_RETURN_TYPE = YES_ERROR;
				GCC_WARN_UNDECLARED_SELECTOR = YES;
				GCC_WARN_UNINITIALIZED_AUTOS = YES_AGGRESSIVE;
				GCC_WARN_UNUSED_FUNCTION = YES;
				GCC_WARN_UNUSED_VARIABLE = YES;
				IPHONEOS_DEPLOYMENT_TARGET = 8.0;
				MTL_ENABLE_DEBUG_INFO = YES;
				ONLY_ACTIVE_ARCH = YES;
				SDKROOT = iphoneos;
			};
			name = Debug;
		};
		D5D24C8F19CFC3D900603389 /* Release */ = {
			isa = XCBuildConfiguration;
			buildSettings = {
				ALWAYS_SEARCH_USER_PATHS = NO;
				CLANG_CXX_LANGUAGE_STANDARD = "gnu++0x";
				CLANG_CXX_LIBRARY = "libc++";
				CLANG_ENABLE_MODULES = YES;
				CLANG_ENABLE_OBJC_ARC = YES;
				CLANG_WARN_BOOL_CONVERSION = YES;
				CLANG_WARN_CONSTANT_CONVERSION = YES;
				CLANG_WARN_DIRECT_OBJC_ISA_USAGE = YES_ERROR;
				CLANG_WARN_EMPTY_BODY = YES;
				CLANG_WARN_ENUM_CONVERSION = YES;
				CLANG_WARN_INT_CONVERSION = YES;
				CLANG_WARN_OBJC_ROOT_CLASS = YES_ERROR;
				CLANG_WARN_UNREACHABLE_CODE = YES;
				CLANG_WARN__DUPLICATE_METHOD_MATCH = YES;
				"CODE_SIGN_IDENTITY[sdk=iphoneos*]" = "iPhone Developer";
				COPY_PHASE_STRIP = YES;
				ENABLE_NS_ASSERTIONS = NO;
				ENABLE_STRICT_OBJC_MSGSEND = YES;
				GCC_C_LANGUAGE_STANDARD = gnu99;
				GCC_WARN_64_TO_32_BIT_CONVERSION = YES;
				GCC_WARN_ABOUT_RETURN_TYPE = YES_ERROR;
				GCC_WARN_UNDECLARED_SELECTOR = YES;
				GCC_WARN_UNINITIALIZED_AUTOS = YES_AGGRESSIVE;
				GCC_WARN_UNUSED_FUNCTION = YES;
				GCC_WARN_UNUSED_VARIABLE = YES;
				IPHONEOS_DEPLOYMENT_TARGET = 8.0;
				MTL_ENABLE_DEBUG_INFO = NO;
				SDKROOT = iphoneos;
				VALIDATE_PRODUCT = YES;
			};
			name = Release;
		};
		D5D24C9119CFC3D900603389 /* Debug */ = {
			isa = XCBuildConfiguration;
			buildSettings = {
				ASSETCATALOG_COMPILER_APPICON_NAME = AppIcon;
				INFOPLIST_FILE = NewCandy2/Info.plist;
				LD_RUNPATH_SEARCH_PATHS = "$(inherited) @executable_path/Frameworks";
				PRODUCT_NAME = "$(TARGET_NAME)";
			};
			name = Debug;
		};
		D5D24C9219CFC3D900603389 /* Release */ = {
			isa = XCBuildConfiguration;
			buildSettings = {
				ASSETCATALOG_COMPILER_APPICON_NAME = AppIcon;
				INFOPLIST_FILE = NewCandy2/Info.plist;
				LD_RUNPATH_SEARCH_PATHS = "$(inherited) @executable_path/Frameworks";
				PRODUCT_NAME = "$(TARGET_NAME)";
			};
			name = Release;
		};
		D5D24C9419CFC3D900603389 /* Debug */ = {
			isa = XCBuildConfiguration;
			buildSettings = {
				BUNDLE_LOADER = "$(TEST_HOST)";
				FRAMEWORK_SEARCH_PATHS = (
					"$(SDKROOT)/Developer/Library/Frameworks",
					"$(inherited)",
				);
				GCC_PREPROCESSOR_DEFINITIONS = (
					"DEBUG=1",
					"$(inherited)",
				);
				INFOPLIST_FILE = NewCandy2Tests/Info.plist;
				LD_RUNPATH_SEARCH_PATHS = "$(inherited) @executable_path/Frameworks @loader_path/Frameworks";
				PRODUCT_NAME = "$(TARGET_NAME)";
				TEST_HOST = "$(BUILT_PRODUCTS_DIR)/NewCandy2.app/NewCandy2";
			};
			name = Debug;
		};
		D5D24C9519CFC3D900603389 /* Release */ = {
			isa = XCBuildConfiguration;
			buildSettings = {
				BUNDLE_LOADER = "$(TEST_HOST)";
				FRAMEWORK_SEARCH_PATHS = (
					"$(SDKROOT)/Developer/Library/Frameworks",
					"$(inherited)",
				);
				INFOPLIST_FILE = NewCandy2Tests/Info.plist;
				LD_RUNPATH_SEARCH_PATHS = "$(inherited) @executable_path/Frameworks @loader_path/Frameworks";
				PRODUCT_NAME = "$(TARGET_NAME)";
				TEST_HOST = "$(BUILT_PRODUCTS_DIR)/NewCandy2.app/NewCandy2";
			};
			name = Release;
		};
/* End XCBuildConfiguration section */

/* Begin XCConfigurationList section */
		D5D24C6519CFC3D900603389 /* Build configuration list for PBXProject "NewCandy2" */ = {
			isa = XCConfigurationList;
			buildConfigurations = (
				D5D24C8E19CFC3D900603389 /* Debug */,
				D5D24C8F19CFC3D900603389 /* Release */,
			);
			defaultConfigurationIsVisible = 0;
			defaultConfigurationName = Release;
		};
		D5D24C9019CFC3D900603389 /* Build configuration list for PBXNativeTarget "NewCandy2" */ = {
			isa = XCConfigurationList;
			buildConfigurations = (
				D5D24C9119CFC3D900603389 /* Debug */,
				D5D24C9219CFC3D900603389 /* Release */,
			);
			defaultConfigurationIsVisible = 0;
		};
		D5D24C9319CFC3D900603389 /* Build configuration list for PBXNativeTarget "NewCandy2Tests" */ = {
			isa = XCConfigurationList;
			buildConfigurations = (
				D5D24C9419CFC3D900603389 /* Debug */,
				D5D24C9519CFC3D900603389 /* Release */,
			);
			defaultConfigurationIsVisible = 0;
		};
/* End XCConfigurationList section */

/* Begin XCVersionGroup section */
		D5D24C7419CFC3D900603389 /* NewCandy2.xcdatamodeld */ = {
			isa = XCVersionGroup;
			children = (
				D5D24C7519CFC3D900603389 /* NewCandy2.xcdatamodel */,
			);
			currentVersion = D5D24C7519CFC3D900603389 /* NewCandy2.xcdatamodel */;
			path = NewCandy2.xcdatamodeld;
			sourceTree = "<group>";
			versionGroupType = wrapper.xcdatamodel;
		};
/* End XCVersionGroup section */
	};
	rootObject = D5D24C6219CFC3D900603389 /* Project object */;
}
